
Microsoft Visual Studio Solution File, Format Version 12.00
# Visual Studio Version 17
VisualStudioVersion = 17.2.32630.192
MinimumVisualStudioVersion = 10.0.40219.1
Project("{FAE04EC0-301F-11D3-BF4B-00C04F79EFBC}") = "Todo", "Todo\Todo.csproj", "{5D2E8CCB-CCA2-4064-839B-9F90E3F7D02D}"
EndProject
Project("{FAE04EC0-301F-11D3-BF4B-00C04F79EFBC}") = "Todo.Application", "Todo.Application\Todo.Application.csproj", "{BFF87F33-8D1F-4638-AB8D-AD16E02734CB}"
EndProject
Project("{FAE04EC0-301F-11D3-BF4B-00C04F79EFBC}") = "Todo.Core", "Todo.Domain\Todo.Core.csproj", "{B5964127-9D98-4E63-8BA2-40E97B60F6F9}"
EndProject
Project("{FAE04EC0-301F-11D3-BF4B-00C04F79EFBC}") = "Todo.Persistence", "Todo.Persistence\Todo.Persistence.csproj", "{50ACB35D-0760-4D35-9FA2-704A7C36DAA4}"
EndProject
Global
	GlobalSection(SolutionConfigurationPlatforms) = preSolution
		Debug|Any CPU = Debug|Any CPU
		Release|Any CPU = Release|Any CPU
	EndGlobalSection
	GlobalSection(ProjectConfigurationPlatforms) = postSolution
		{5D2E8CCB-CCA2-4064-839B-9F90E3F7D02D}.Debug|Any CPU.ActiveCfg = Debug|Any CPU
		{5D2E8CCB-CCA2-4064-839B-9F90E3F7D02D}.Debug|Any CPU.Build.0 = Debug|Any CPU
		{5D2E8CCB-CCA2-4064-839B-9F90E3F7D02D}.Release|Any CPU.ActiveCfg = Release|Any CPU
		{5D2E8CCB-CCA2-4064-839B-9F90E3F7D02D}.Release|Any CPU.Build.0 = Release|Any CPU
		{BFF87F33-8D1F-4638-AB8D-AD16E02734CB}.Debug|Any CPU.ActiveCfg = Debug|Any CPU
		{BFF87F33-8D1F-4638-AB8D-AD16E02734CB}.Debug|Any CPU.Build.0 = Debug|Any CPU
		{BFF87F33-8D1F-4638-AB8D-AD16E02734CB}.Release|Any CPU.ActiveCfg = Release|Any CPU
		{BFF87F33-8D1F-4638-AB8D-AD16E02734CB}.Release|Any CPU.Build.0 = Release|Any CPU
		{B5964127-9D98-4E63-8BA2-40E97B60F6F9}.Debug|Any CPU.ActiveCfg = Debug|Any CPU
		{B5964127-9D98-4E63-8BA2-40E97B60F6F9}.Debug|Any CPU.Build.0 = Debug|Any CPU
		{B5964127-9D98-4E63-8BA2-40E97B60F6F9}.Release|Any CPU.ActiveCfg = Release|Any CPU
		{B5964127-9D98-4E63-8BA2-40E97B60F6F9}.Release|Any CPU.Build.0 = Release|Any CPU
		{50ACB35D-0760-4D35-9FA2-704A7C36DAA4}.Debug|Any CPU.ActiveCfg = Debug|Any CPU
		{50ACB35D-0760-4D35-9FA2-704A7C36DAA4}.Debug|Any CPU.Build.0 = Debug|Any CPU
		{50ACB35D-0760-4D35-9FA2-704A7C36DAA4}.Release|Any CPU.ActiveCfg = Release|Any CPU
		{50ACB35D-0760-4D35-9FA2-704A7C36DAA4}.Release|Any CPU.Build.0 = Release|Any CPU
	EndGlobalSection
	GlobalSection(SolutionProperties) = preSolution
		HideSolutionNode = FALSE
	EndGlobalSection
	GlobalSection(ExtensibilityGlobals) = postSolution
		SolutionGuid = {81EDFD8F-AAB1-41DD-B07A-807E702CE151}
	EndGlobalSection
EndGlobal
